
Microsoft Visual Studio Solution File, Format Version 12.00
# Visual Studio Version 17
VisualStudioVersion = 17.7.34202.233
MinimumVisualStudioVersion = 10.0.40219.1
Project("{9A19103F-16F7-4668-BE54-9A1E7A4F7556}") = "2 termin N", "2 termin N\2 termin N.csproj", "{4669C930-6BC8-4F53-9ED2-1AE07FA3B0BD}"
EndProject
Project("{9A19103F-16F7-4668-BE54-9A1E7A4F7556}") = "formularz", "formularz\formularz.csproj", "{7B4EAC28-D73A-4C6A-B968-D49F3BE7E9A0}"
EndProject
Project("{9A19103F-16F7-4668-BE54-9A1E7A4F7556}") = "Oceny", "Oceny\Oceny.csproj", "{93122D67-2C12-4AEE-844A-BAD6C94FA8C7}"
EndProject
Project("{9A19103F-16F7-4668-BE54-9A1E7A4F7556}") = "Data", "Data\Data.csproj", "{1E202E24-8D5D-43BF-A851-87F8E89BEB7A}"
EndProject
Project("{9A19103F-16F7-4668-BE54-9A1E7A4F7556}") = "testSqlite", "testSqlite\testSqlite.csproj", "{D192CB86-EB51-4A0A-903D-CA18CC1D41C3}"
EndProject
Project("{2150E333-8FDC-42A3-9474-1A3956D46DE8}") = "Solution Items", "Solution Items", "{3C8FDE9E-D65C-4848-9ABA-050BC29D3F49}"
	ProjectSection(SolutionItems) = preProject
		Egzaminy.txt = Egzaminy.txt
	EndProjectSection
EndProject
Project("{FAE04EC0-301F-11D3-BF4B-00C04F79EFBC}") = "Magazyn", "Magazyn\Magazyn.csproj", "{06531106-1F9E-4A96-A39B-BBE9CC38B585}"
EndProject
Global
	GlobalSection(SolutionConfigurationPlatforms) = preSolution
		Debug|Any CPU = Debug|Any CPU
		Release|Any CPU = Release|Any CPU
	EndGlobalSection
	GlobalSection(ProjectConfigurationPlatforms) = postSolution
		{4669C930-6BC8-4F53-9ED2-1AE07FA3B0BD}.Debug|Any CPU.ActiveCfg = Debug|Any CPU
		{4669C930-6BC8-4F53-9ED2-1AE07FA3B0BD}.Debug|Any CPU.Build.0 = Debug|Any CPU
		{4669C930-6BC8-4F53-9ED2-1AE07FA3B0BD}.Release|Any CPU.ActiveCfg = Release|Any CPU
		{4669C930-6BC8-4F53-9ED2-1AE07FA3B0BD}.Release|Any CPU.Build.0 = Release|Any CPU
		{7B4EAC28-D73A-4C6A-B968-D49F3BE7E9A0}.Debug|Any CPU.ActiveCfg = Debug|Any CPU
		{7B4EAC28-D73A-4C6A-B968-D49F3BE7E9A0}.Debug|Any CPU.Build.0 = Debug|Any CPU
		{7B4EAC28-D73A-4C6A-B968-D49F3BE7E9A0}.Release|Any CPU.ActiveCfg = Release|Any CPU
		{7B4EAC28-D73A-4C6A-B968-D49F3BE7E9A0}.Release|Any CPU.Build.0 = Release|Any CPU
		{93122D67-2C12-4AEE-844A-BAD6C94FA8C7}.Debug|Any CPU.ActiveCfg = Debug|Any CPU
		{93122D67-2C12-4AEE-844A-BAD6C94FA8C7}.Debug|Any CPU.Build.0 = Debug|Any CPU
		{93122D67-2C12-4AEE-844A-BAD6C94FA8C7}.Release|Any CPU.ActiveCfg = Release|Any CPU
		{93122D67-2C12-4AEE-844A-BAD6C94FA8C7}.Release|Any CPU.Build.0 = Release|Any CPU
		{1E202E24-8D5D-43BF-A851-87F8E89BEB7A}.Debug|Any CPU.ActiveCfg = Debug|Any CPU
		{1E202E24-8D5D-43BF-A851-87F8E89BEB7A}.Debug|Any CPU.Build.0 = Debug|Any CPU
		{1E202E24-8D5D-43BF-A851-87F8E89BEB7A}.Release|Any CPU.ActiveCfg = Release|Any CPU
		{1E202E24-8D5D-43BF-A851-87F8E89BEB7A}.Release|Any CPU.Build.0 = Release|Any CPU
		{D192CB86-EB51-4A0A-903D-CA18CC1D41C3}.Debug|Any CPU.ActiveCfg = Debug|Any CPU
		{D192CB86-EB51-4A0A-903D-CA18CC1D41C3}.Debug|Any CPU.Build.0 = Debug|Any CPU
		{D192CB86-EB51-4A0A-903D-CA18CC1D41C3}.Release|Any CPU.ActiveCfg = Release|Any CPU
		{D192CB86-EB51-4A0A-903D-CA18CC1D41C3}.Release|Any CPU.Build.0 = Release|Any CPU
		{06531106-1F9E-4A96-A39B-BBE9CC38B585}.Debug|Any CPU.ActiveCfg = Debug|Any CPU
		{06531106-1F9E-4A96-A39B-BBE9CC38B585}.Debug|Any CPU.Build.0 = Debug|Any CPU
		{06531106-1F9E-4A96-A39B-BBE9CC38B585}.Release|Any CPU.ActiveCfg = Release|Any CPU
		{06531106-1F9E-4A96-A39B-BBE9CC38B585}.Release|Any CPU.Build.0 = Release|Any CPU
	EndGlobalSection
	GlobalSection(SolutionProperties) = preSolution
		HideSolutionNode = FALSE
	EndGlobalSection
	GlobalSection(ExtensibilityGlobals) = postSolution
		SolutionGuid = {44F85F5C-5A30-47E7-BB33-9976F3DE2CB6}
	EndGlobalSection
EndGlobal
